
Microsoft Visual Studio Solution File, Format Version 12.00
# Visual Studio Version 16
VisualStudioVersion = 16.0.31229.75
MinimumVisualStudioVersion = 10.0.40219.1
Project("{FAE04EC0-301F-11D3-BF4B-00C04F79EFBC}") = "XamarinFormsWidgetDemo.Android", "XamarinFormsWidgetDemo\XamarinFormsWidgetDemo.Android\XamarinFormsWidgetDemo.Android.csproj", "{4CED91B9-5B36-48EE-A1DC-6A3173523490}"
EndProject
Project("{FAE04EC0-301F-11D3-BF4B-00C04F79EFBC}") = "XamarinFormsWidgetDemo.iOS", "XamarinFormsWidgetDemo\XamarinFormsWidgetDemo.iOS\XamarinFormsWidgetDemo.iOS.csproj", "{51C79AC0-FC8E-457C-BDB4-87FDA6BE4F0A}"
EndProject
Project("{FAE04EC0-301F-11D3-BF4B-00C04F79EFBC}") = "XamarinFormsWidgetDemo", "XamarinFormsWidgetDemo\XamarinFormsWidgetDemo\XamarinFormsWidgetDemo.csproj", "{7AC213F4-3990-42D5-AA58-9451332782B6}"
EndProject
Global
	GlobalSection(SolutionConfigurationPlatforms) = preSolution
		Debug|Any CPU = Debug|Any CPU
		Debug|iPhone = Debug|iPhone
		Debug|iPhoneSimulator = Debug|iPhoneSimulator
		Release|Any CPU = Release|Any CPU
		Release|iPhone = Release|iPhone
		Release|iPhoneSimulator = Release|iPhoneSimulator
	EndGlobalSection
	GlobalSection(ProjectConfigurationPlatforms) = postSolution
		{4CED91B9-5B36-48EE-A1DC-6A3173523490}.Debug|Any CPU.ActiveCfg = Debug|Any CPU
		{4CED91B9-5B36-48EE-A1DC-6A3173523490}.Debug|Any CPU.Build.0 = Debug|Any CPU
		{4CED91B9-5B36-48EE-A1DC-6A3173523490}.Debug|Any CPU.Deploy.0 = Debug|Any CPU
		{4CED91B9-5B36-48EE-A1DC-6A3173523490}.Debug|iPhone.ActiveCfg = Debug|Any CPU
		{4CED91B9-5B36-48EE-A1DC-6A3173523490}.Debug|iPhone.Build.0 = Debug|Any CPU
		{4CED91B9-5B36-48EE-A1DC-6A3173523490}.Debug|iPhone.Deploy.0 = Debug|Any CPU
		{4CED91B9-5B36-48EE-A1DC-6A3173523490}.Debug|iPhoneSimulator.ActiveCfg = Debug|Any CPU
		{4CED91B9-5B36-48EE-A1DC-6A3173523490}.Debug|iPhoneSimulator.Build.0 = Debug|Any CPU
		{4CED91B9-5B36-48EE-A1DC-6A3173523490}.Debug|iPhoneSimulator.Deploy.0 = Debug|Any CPU
		{4CED91B9-5B36-48EE-A1DC-6A3173523490}.Release|Any CPU.ActiveCfg = Release|Any CPU
		{4CED91B9-5B36-48EE-A1DC-6A3173523490}.Release|Any CPU.Build.0 = Release|Any CPU
		{4CED91B9-5B36-48EE-A1DC-6A3173523490}.Release|Any CPU.Deploy.0 = Release|Any CPU
		{4CED91B9-5B36-48EE-A1DC-6A3173523490}.Release|iPhone.ActiveCfg = Release|Any CPU
		{4CED91B9-5B36-48EE-A1DC-6A3173523490}.Release|iPhone.Build.0 = Release|Any CPU
		{4CED91B9-5B36-48EE-A1DC-6A3173523490}.Release|iPhone.Deploy.0 = Release|Any CPU
		{4CED91B9-5B36-48EE-A1DC-6A3173523490}.Release|iPhoneSimulator.ActiveCfg = Release|Any CPU
		{4CED91B9-5B36-48EE-A1DC-6A3173523490}.Release|iPhoneSimulator.Build.0 = Release|Any CPU
		{4CED91B9-5B36-48EE-A1DC-6A3173523490}.Release|iPhoneSimulator.Deploy.0 = Release|Any CPU
		{51C79AC0-FC8E-457C-BDB4-87FDA6BE4F0A}.Debug|Any CPU.ActiveCfg = Debug|iPhone
		{51C79AC0-FC8E-457C-BDB4-87FDA6BE4F0A}.Debug|Any CPU.Build.0 = Debug|iPhone
		{51C79AC0-FC8E-457C-BDB4-87FDA6BE4F0A}.Debug|Any CPU.Deploy.0 = Debug|iPhone
		{51C79AC0-FC8E-457C-BDB4-87FDA6BE4F0A}.Debug|iPhone.ActiveCfg = Debug|iPhone
		{51C79AC0-FC8E-457C-BDB4-87FDA6BE4F0A}.Debug|iPhone.Build.0 = Debug|iPhone
		{51C79AC0-FC8E-457C-BDB4-87FDA6BE4F0A}.Debug|iPhone.Deploy.0 = Debug|iPhone
		{51C79AC0-FC8E-457C-BDB4-87FDA6BE4F0A}.Debug|iPhoneSimulator.ActiveCfg = Debug|iPhoneSimulator
		{51C79AC0-FC8E-457C-BDB4-87FDA6BE4F0A}.Debug|iPhoneSimulator.Build.0 = Debug|iPhoneSimulator
		{51C79AC0-FC8E-457C-BDB4-87FDA6BE4F0A}.Debug|iPhoneSimulator.Deploy.0 = Debug|iPhoneSimulator
		{51C79AC0-FC8E-457C-BDB4-87FDA6BE4F0A}.Release|Any CPU.ActiveCfg = Release|iPhoneSimulator
		{51C79AC0-FC8E-457C-BDB4-87FDA6BE4F0A}.Release|Any CPU.Build.0 = Release|iPhoneSimulator
		{51C79AC0-FC8E-457C-BDB4-87FDA6BE4F0A}.Release|Any CPU.Deploy.0 = Release|iPhoneSimulator
		{51C79AC0-FC8E-457C-BDB4-87FDA6BE4F0A}.Release|iPhone.ActiveCfg = Release|iPhone
		{51C79AC0-FC8E-457C-BDB4-87FDA6BE4F0A}.Release|iPhone.Build.0 = Release|iPhone
		{51C79AC0-FC8E-457C-BDB4-87FDA6BE4F0A}.Release|iPhone.Deploy.0 = Release|iPhone
		{51C79AC0-FC8E-457C-BDB4-87FDA6BE4F0A}.Release|iPhoneSimulator.ActiveCfg = Release|iPhoneSimulator
		{51C79AC0-FC8E-457C-BDB4-87FDA6BE4F0A}.Release|iPhoneSimulator.Build.0 = Release|iPhoneSimulator
		{51C79AC0-FC8E-457C-BDB4-87FDA6BE4F0A}.Release|iPhoneSimulator.Deploy.0 = Release|iPhoneSimulator
		{7AC213F4-3990-42D5-AA58-9451332782B6}.Debug|Any CPU.ActiveCfg = Debug|Any CPU
		{7AC213F4-3990-42D5-AA58-9451332782B6}.Debug|Any CPU.Build.0 = Debug|Any CPU
		{7AC213F4-3990-42D5-AA58-9451332782B6}.Debug|Any CPU.Deploy.0 = Debug|Any CPU
		{7AC213F4-3990-42D5-AA58-9451332782B6}.Debug|iPhone.ActiveCfg = Debug|Any CPU
		{7AC213F4-3990-42D5-AA58-9451332782B6}.Debug|iPhone.Build.0 = Debug|Any CPU
		{7AC213F4-3990-42D5-AA58-9451332782B6}.Debug|iPhone.Deploy.0 = Debug|Any CPU
		{7AC213F4-3990-42D5-AA58-9451332782B6}.Debug|iPhoneSimulator.ActiveCfg = Debug|Any CPU
		{7AC213F4-3990-42D5-AA58-9451332782B6}.Debug|iPhoneSimulator.Build.0 = Debug|Any CPU
		{7AC213F4-3990-42D5-AA58-9451332782B6}.Debug|iPhoneSimulator.Deploy.0 = Debug|Any CPU
		{7AC213F4-3990-42D5-AA58-9451332782B6}.Release|Any CPU.ActiveCfg = Release|Any CPU
		{7AC213F4-3990-42D5-AA58-9451332782B6}.Release|Any CPU.Build.0 = Release|Any CPU
		{7AC213F4-3990-42D5-AA58-9451332782B6}.Release|Any CPU.Deploy.0 = Release|Any CPU
		{7AC213F4-3990-42D5-AA58-9451332782B6}.Release|iPhone.ActiveCfg = Release|Any CPU
		{7AC213F4-3990-42D5-AA58-9451332782B6}.Release|iPhone.Build.0 = Release|Any CPU
		{7AC213F4-3990-42D5-AA58-9451332782B6}.Release|iPhone.Deploy.0 = Release|Any CPU
		{7AC213F4-3990-42D5-AA58-9451332782B6}.Release|iPhoneSimulator.ActiveCfg = Release|Any CPU
		{7AC213F4-3990-42D5-AA58-9451332782B6}.Release|iPhoneSimulator.Build.0 = Release|Any CPU
		{7AC213F4-3990-42D5-AA58-9451332782B6}.Release|iPhoneSimulator.Deploy.0 = Release|Any CPU
	EndGlobalSection
	GlobalSection(SolutionProperties) = preSolution
		HideSolutionNode = FALSE
	EndGlobalSection
	GlobalSection(ExtensibilityGlobals) = postSolution
		SolutionGuid = {C97EBD89-8C44-4A19-85B2-2938338C4D2E}
	EndGlobalSection
EndGlobal
